
Microsoft Visual Studio Solution File, Format Version 12.00
# Visual Studio Version 17
VisualStudioVersion = 17.4.33122.133
MinimumVisualStudioVersion = 10.0.40219.1
Project("{FAE04EC0-301F-11D3-BF4B-00C04F79EFBC}") = "SampleApplication", "SampleApplication.csproj", "{91F1B123-798A-4E2D-96BA-F88F8709A8F3}"
EndProject
Global
	GlobalSection(SolutionConfigurationPlatforms) = preSolution
		Debug|Any CPU = Debug|Any CPU
		Release|Any CPU = Release|Any CPU
	EndGlobalSection
	GlobalSection(ProjectConfigurationPlatforms) = postSolution
		{91F1B123-798A-4E2D-96BA-F88F8709A8F3}.Debug|Any CPU.ActiveCfg = Debug|Any CPU
		{91F1B123-798A-4E2D-96BA-F88F8709A8F3}.Debug|Any CPU.Build.0 = Debug|Any CPU
		{91F1B123-798A-4E2D-96BA-F88F8709A8F3}.Release|Any CPU.ActiveCfg = Release|Any CPU
		{91F1B123-798A-4E2D-96BA-F88F8709A8F3}.Release|Any CPU.Build.0 = Release|Any CPU
	EndGlobalSection
	GlobalSection(SolutionProperties) = preSolution
		HideSolutionNode = FALSE
	EndGlobalSection
	GlobalSection(ExtensibilityGlobals) = postSolution
		SolutionGuid = {79D22179-195A-43F5-93F6-F3E15E7C4D57}
	EndGlobalSection
EndGlobal
